// !$*UTF8*$!
{
	archiveVersion = 1;
	classes = {
	};
	objectVersion = 50;
	objects = {

/* Begin PBXBuildFile section */
		A4163C4C2360BE97004D6771 /* AppDelegate.swift in Sources */ = {isa = PBXBuildFile; fileRef = A4163C4B2360BE97004D6771 /* AppDelegate.swift */; };
		A4163C4E2360BE97004D6771 /* SceneDelegate.swift in Sources */ = {isa = PBXBuildFile; fileRef = A4163C4D2360BE97004D6771 /* SceneDelegate.swift */; };
		A4163C502360BE97004D6771 /* ViewController.swift in Sources */ = {isa = PBXBuildFile; fileRef = A4163C4F2360BE97004D6771 /* ViewController.swift */; };
		A4163C532360BE97004D6771 /* Main.storyboard in Resources */ = {isa = PBXBuildFile; fileRef = A4163C512360BE97004D6771 /* Main.storyboard */; };
		A4163C552360BE9A004D6771 /* Assets.xcassets in Resources */ = {isa = PBXBuildFile; fileRef = A4163C542360BE9A004D6771 /* Assets.xcassets */; };
		A4163C582360BE9A004D6771 /* LaunchScreen.storyboard in Resources */ = {isa = PBXBuildFile; fileRef = A4163C562360BE9A004D6771 /* LaunchScreen.storyboard */; };
		A4163C622360BEB6004D6771 /* CloudKit.framework in Frameworks */ = {isa = PBXBuildFile; fileRef = A4163C612360BEB6004D6771 /* CloudKit.framework */; };
		A4163C642360C511004D6771 /* Database.swift in Sources */ = {isa = PBXBuildFile; fileRef = A4163C632360C511004D6771 /* Database.swift */; };
		A4163C662360C99E004D6771 /* Country.swift in Sources */ = {isa = PBXBuildFile; fileRef = A4163C652360C99E004D6771 /* Country.swift */; };
		A4163C682360CCAA004D6771 /* LocationConfiguration.swift in Sources */ = {isa = PBXBuildFile; fileRef = A4163C672360CCAA004D6771 /* LocationConfiguration.swift */; };
/* End PBXBuildFile section */

/* Begin PBXFileReference section */
		A4163C482360BE97004D6771 /* CloudKit_MapKit.app */ = {isa = PBXFileReference; explicitFileType = wrapper.application; includeInIndex = 0; path = CloudKit_MapKit.app; sourceTree = BUILT_PRODUCTS_DIR; };
		A4163C4B2360BE97004D6771 /* AppDelegate.swift */ = {isa = PBXFileReference; lastKnownFileType = sourcecode.swift; path = AppDelegate.swift; sourceTree = "<group>"; };
		A4163C4D2360BE97004D6771 /* SceneDelegate.swift */ = {isa = PBXFileReference; lastKnownFileType = sourcecode.swift; path = SceneDelegate.swift; sourceTree = "<group>"; };
		A4163C4F2360BE97004D6771 /* ViewController.swift */ = {isa = PBXFileReference; lastKnownFileType = sourcecode.swift; path = ViewController.swift; sourceTree = "<group>"; };
		A4163C522360BE97004D6771 /* Base */ = {isa = PBXFileReference; lastKnownFileType = file.storyboard; name = Base; path = Base.lproj/Main.storyboard; sourceTree = "<group>"; };
		A4163C542360BE9A004D6771 /* Assets.xcassets */ = {isa = PBXFileReference; lastKnownFileType = folder.assetcatalog; path = Assets.xcassets; sourceTree = "<group>"; };
		A4163C572360BE9A004D6771 /* Base */ = {isa = PBXFileReference; lastKnownFileType = file.storyboard; name = Base; path = Base.lproj/LaunchScreen.storyboard; sourceTree = "<group>"; };
		A4163C592360BE9A004D6771 /* Info.plist */ = {isa = PBXFileReference; lastKnownFileType = text.plist.xml; path = Info.plist; sourceTree = "<group>"; };
		A4163C5F2360BEAF004D6771 /* CloudKit_MapKit.entitlements */ = {isa = PBXFileReference; lastKnownFileType = text.plist.entitlements; path = CloudKit_MapKit.entitlements; sourceTree = "<group>"; };
		A4163C612360BEB6004D6771 /* CloudKit.framework */ = {isa = PBXFileReference; lastKnownFileType = wrapper.framework; name = CloudKit.framework; path = System/Library/Frameworks/CloudKit.framework; sourceTree = SDKROOT; };
		A4163C632360C511004D6771 /* Database.swift */ = {isa = PBXFileReference; lastKnownFileType = sourcecode.swift; path = Database.swift; sourceTree = "<group>"; };
		A4163C652360C99E004D6771 /* Country.swift */ = {isa = PBXFileReference; lastKnownFileType = sourcecode.swift; path = Country.swift; sourceTree = "<group>"; };
		A4163C672360CCAA004D6771 /* LocationConfiguration.swift */ = {isa = PBXFileReference; lastKnownFileType = sourcecode.swift; path = LocationConfiguration.swift; sourceTree = "<group>"; };
/* End PBXFileReference section */

/* Begin PBXFrameworksBuildPhase section */
		A4163C452360BE97004D6771 /* Frameworks */ = {
			isa = PBXFrameworksBuildPhase;
			buildActionMask = 2147483647;
			files = (
				A4163C622360BEB6004D6771 /* CloudKit.framework in Frameworks */,
			);
			runOnlyForDeploymentPostprocessing = 0;
		};
/* End PBXFrameworksBuildPhase section */

/* Begin PBXGroup section */
		A4163C3F2360BE97004D6771 = {
			isa = PBXGroup;
			children = (
				A4163C4A2360BE97004D6771 /* CloudKit_MapKit */,
				A4163C492360BE97004D6771 /* Products */,
				A4163C602360BEB6004D6771 /* Frameworks */,
			);
			sourceTree = "<group>";
		};
		A4163C492360BE97004D6771 /* Products */ = {
			isa = PBXGroup;
			children = (
				A4163C482360BE97004D6771 /* CloudKit_MapKit.app */,
			);
			name = Products;
			sourceTree = "<group>";
		};
		A4163C4A2360BE97004D6771 /* CloudKit_MapKit */ = {
			isa = PBXGroup;
			children = (
				A4163C5F2360BEAF004D6771 /* CloudKit_MapKit.entitlements */,
				A4163C4B2360BE97004D6771 /* AppDelegate.swift */,
				A4163C4D2360BE97004D6771 /* SceneDelegate.swift */,
				A4163C632360C511004D6771 /* Database.swift */,
				A4163C652360C99E004D6771 /* Country.swift */,
				A4163C4F2360BE97004D6771 /* ViewController.swift */,
				A4163C512360BE97004D6771 /* Main.storyboard */,
				A4163C672360CCAA004D6771 /* LocationConfiguration.swift */,
				A4163C542360BE9A004D6771 /* Assets.xcassets */,
				A4163C562360BE9A004D6771 /* LaunchScreen.storyboard */,
				A4163C592360BE9A004D6771 /* Info.plist */,
			);
			path = CloudKit_MapKit;
			sourceTree = "<group>";
		};
		A4163C602360BEB6004D6771 /* Frameworks */ = {
			isa = PBXGroup;
			children = (
				A4163C612360BEB6004D6771 /* CloudKit.framework */,
			);
			name = Frameworks;
			sourceTree = "<group>";
		};
/* End PBXGroup section */

/* Begin PBXNativeTarget section */
		A4163C472360BE97004D6771 /* CloudKit_MapKit */ = {
			isa = PBXNativeTarget;
			buildConfigurationList = A4163C5C2360BE9A004D6771 /* Build configuration list for PBXNativeTarget "CloudKit_MapKit" */;
			buildPhases = (
				A4163C442360BE97004D6771 /* Sources */,
				A4163C452360BE97004D6771 /* Frameworks */,
				A4163C462360BE97004D6771 /* Resources */,
			);
			buildRules = (
			);
			dependencies = (
			);
			name = CloudKit_MapKit;
			productName = CloudKit_MapKit;
			productReference = A4163C482360BE97004D6771 /* CloudKit_MapKit.app */;
			productType = "com.apple.product-type.application";
		};
/* End PBXNativeTarget section */

/* Begin PBXProject section */
		A4163C402360BE97004D6771 /* Project object */ = {
			isa = PBXProject;
			attributes = {
				LastSwiftUpdateCheck = 1110;
				LastUpgradeCheck = 1110;
				ORGANIZATIONNAME = LucasCosta;
				TargetAttributes = {
					A4163C472360BE97004D6771 = {
						CreatedOnToolsVersion = 11.1;
					};
				};
			};
			buildConfigurationList = A4163C432360BE97004D6771 /* Build configuration list for PBXProject "CloudKit_MapKit" */;
			compatibilityVersion = "Xcode 9.3";
			developmentRegion = en;
			hasScannedForEncodings = 0;
			knownRegions = (
				en,
				Base,
			);
			mainGroup = A4163C3F2360BE97004D6771;
			productRefGroup = A4163C492360BE97004D6771 /* Products */;
			projectDirPath = "";
			projectRoot = "";
			targets = (
				A4163C472360BE97004D6771 /* CloudKit_MapKit */,
			);
		};
/* End PBXProject section */

/* Begin PBXResourcesBuildPhase section */
		A4163C462360BE97004D6771 /* Resources */ = {
			isa = PBXResourcesBuildPhase;
			buildActionMask = 2147483647;
			files = (
				A4163C582360BE9A004D6771 /* LaunchScreen.storyboard in Resources */,
				A4163C552360BE9A004D6771 /* Assets.xcassets in Resources */,
				A4163C532360BE97004D6771 /* Main.storyboard in Resources */,
			);
			runOnlyForDeploymentPostprocessing = 0;
		};
/* End PBXResourcesBuildPhase section */

/* Begin PBXSourcesBuildPhase section */
		A4163C442360BE97004D6771 /* Sources */ = {
			isa = PBXSourcesBuildPhase;
			buildActionMask = 2147483647;
			files = (
				A4163C502360BE97004D6771 /* ViewController.swift in Sources */,
				A4163C4C2360BE97004D6771 /* AppDelegate.swift in Sources */,
				A4163C642360C511004D6771 /* Database.swift in Sources */,
				A4163C662360C99E004D6771 /* Country.swift in Sources */,
				A4163C4E2360BE97004D6771 /* SceneDelegate.swift in Sources */,
				A4163C682360CCAA004D6771 /* LocationConfiguration.swift in Sources */,
			);
			runOnlyForDeploymentPostprocessing = 0;
		};
/* End PBXSourcesBuildPhase section */

/* Begin PBXVariantGroup section */
		A4163C512360BE97004D6771 /* Main.storyboard */ = {
			isa = PBXVariantGroup;
			children = (
				A4163C522360BE97004D6771 /* Base */,
			);
			name = Main.storyboard;
			sourceTree = "<group>";
		};
		A4163C562360BE9A004D6771 /* LaunchScreen.storyboard */ = {
			isa = PBXVariantGroup;
			children = (
				A4163C572360BE9A004D6771 /* Base */,
			);
			name = LaunchScreen.storyboard;
			sourceTree = "<group>";
		};
/* End PBXVariantGroup section */

/* Begin XCBuildConfiguration section */
		A4163C5A2360BE9A004D6771 /* Debug */ = {
			isa = XCBuildConfiguration;
			buildSettings = {
				ALWAYS_SEARCH_USER_PATHS = NO;
				CLANG_ANALYZER_NONNULL = YES;
				CLANG_ANALYZER_NUMBER_OBJECT_CONVERSION = YES_AGGRESSIVE;
				CLANG_CXX_LANGUAGE_STANDARD = "gnu++14";
				CLANG_CXX_LIBRARY = "libc++";
				CLANG_ENABLE_MODULES = YES;
				CLANG_ENABLE_OBJC_ARC = YES;
				CLANG_ENABLE_OBJC_WEAK = YES;
				CLANG_WARN_BLOCK_CAPTURE_AUTORELEASING = YES;
				CLANG_WARN_BOOL_CONVERSION = YES;
				CLANG_WARN_COMMA = YES;
				CLANG_WARN_CONSTANT_CONVERSION = YES;
				CLANG_WARN_DEPRECATED_OBJC_IMPLEMENTATIONS = YES;
				CLANG_WARN_DIRECT_OBJC_ISA_USAGE = YES_ERROR;
				CLANG_WARN_DOCUMENTATION_COMMENTS = YES;
				CLANG_WARN_EMPTY_BODY = YES;
				CLANG_WARN_ENUM_CONVERSION = YES;
				CLANG_WARN_INFINITE_RECURSION = YES;
				CLANG_WARN_INT_CONVERSION = YES;
				CLANG_WARN_NON_LITERAL_NULL_CONVERSION = YES;
				CLANG_WARN_OBJC_IMPLICIT_RETAIN_SELF = YES;
				CLANG_WARN_OBJC_LITERAL_CONVERSION = YES;
				CLANG_WARN_OBJC_ROOT_CLASS = YES_ERROR;
				CLANG_WARN_RANGE_LOOP_ANALYSIS = YES;
				CLANG_WARN_STRICT_PROTOTYPES = YES;
				CLANG_WARN_SUSPICIOUS_MOVE = YES;
				CLANG_WARN_UNGUARDED_AVAILABILITY = YES_AGGRESSIVE;
				CLANG_WARN_UNREACHABLE_CODE = YES;
				CLANG_WARN__DUPLICATE_METHOD_MATCH = YES;
				COPY_PHASE_STRIP = NO;
				DEBUG_INFORMATION_FORMAT = dwarf;
				ENABLE_STRICT_OBJC_MSGSEND = YES;
				ENABLE_TESTABILITY = YES;
				GCC_C_LANGUAGE_STANDARD = gnu11;
				GCC_DYNAMIC_NO_PIC = NO;
				GCC_NO_COMMON_BLOCKS = YES;
				GCC_OPTIMIZATION_LEVEL = 0;
				GCC_PREPROCESSOR_DEFINITIONS = (
					"DEBUG=1",
					"$(inherited)",
				);
				GCC_WARN_64_TO_32_BIT_CONVERSION = YES;
				GCC_WARN_ABOUT_RETURN_TYPE = YES_ERROR;
				GCC_WARN_UNDECLARED_SELECTOR = YES;
				GCC_WARN_UNINITIALIZED_AUTOS = YES_AGGRESSIVE;
				GCC_WARN_UNUSED_FUNCTION = YES;
				GCC_WARN_UNUSED_VARIABLE = YES;
				IPHONEOS_DEPLOYMENT_TARGET = 13.1;
				MTL_ENABLE_DEBUG_INFO = INCLUDE_SOURCE;
				MTL_FAST_MATH = YES;
				ONLY_ACTIVE_ARCH = YES;
				SDKROOT = iphoneos;
				SWIFT_ACTIVE_COMPILATION_CONDITIONS = DEBUG;
				SWIFT_OPTIMIZATION_LEVEL = "-Onone";
			};
			name = Debug;
		};
		A4163C5B2360BE9A004D6771 /* Release */ = {
			isa = XCBuildConfiguration;
			buildSettings = {
				ALWAYS_SEARCH_USER_PATHS = NO;
				CLANG_ANALYZER_NONNULL = YES;
				CLANG_ANALYZER_NUMBER_OBJECT_CONVERSION = YES_AGGRESSIVE;
				CLANG_CXX_LANGUAGE_STANDARD = "gnu++14";
				CLANG_CXX_LIBRARY = "libc++";
				CLANG_ENABLE_MODULES = YES;
				CLANG_ENABLE_OBJC_ARC = YES;
				CLANG_ENABLE_OBJC_WEAK = YES;
				CLANG_WARN_BLOCK_CAPTURE_AUTORELEASING = YES;
				CLANG_WARN_BOOL_CONVERSION = YES;
				CLANG_WARN_COMMA = YES;
				CLANG_WARN_CONSTANT_CONVERSION = YES;
				CLANG_WARN_DEPRECATED_OBJC_IMPLEMENTATIONS = YES;
				CLANG_WARN_DIRECT_OBJC_ISA_USAGE = YES_ERROR;
				CLANG_WARN_DOCUMENTATION_COMMENTS = YES;
				CLANG_WARN_EMPTY_BODY = YES;
				CLANG_WARN_ENUM_CONVERSION = YES;
				CLANG_WARN_INFINITE_RECURSION = YES;
				CLANG_WARN_INT_CONVERSION = YES;
				CLANG_WARN_NON_LITERAL_NULL_CONVERSION = YES;
				CLANG_WARN_OBJC_IMPLICIT_RETAIN_SELF = YES;
				CLANG_WARN_OBJC_LITERAL_CONVERSION = YES;
				CLANG_WARN_OBJC_ROOT_CLASS = YES_ERROR;
				CLANG_WARN_RANGE_LOOP_ANALYSIS = YES;
				CLANG_WARN_STRICT_PROTOTYPES = YES;
				CLANG_WARN_SUSPICIOUS_MOVE = YES;
				CLANG_WARN_UNGUARDED_AVAILABILITY = YES_AGGRESSIVE;
				CLANG_WARN_UNREACHABLE_CODE = YES;
				CLANG_WARN__DUPLICATE_METHOD_MATCH = YES;
				COPY_PHASE_STRIP = NO;
				DEBUG_INFORMATION_FORMAT = "dwarf-with-dsym";
				ENABLE_NS_ASSERTIONS = NO;
				ENABLE_STRICT_OBJC_MSGSEND = YES;
				GCC_C_LANGUAGE_STANDARD = gnu11;
				GCC_NO_COMMON_BLOCKS = YES;
				GCC_WARN_64_TO_32_BIT_CONVERSION = YES;
				GCC_WARN_ABOUT_RETURN_TYPE = YES_ERROR;
				GCC_WARN_UNDECLARED_SELECTOR = YES;
				GCC_WARN_UNINITIALIZED_AUTOS = YES_AGGRESSIVE;
				GCC_WARN_UNUSED_FUNCTION = YES;
				GCC_WARN_UNUSED_VARIABLE = YES;
				IPHONEOS_DEPLOYMENT_TARGET = 13.1;
				MTL_ENABLE_DEBUG_INFO = NO;
				MTL_FAST_MATH = YES;
				SDKROOT = iphoneos;
				SWIFT_COMPILATION_MODE = wholemodule;
				SWIFT_OPTIMIZATION_LEVEL = "-O";
				VALIDATE_PRODUCT = YES;
			};
			name = Release;
		};
		A4163C5D2360BE9A004D6771 /* Debug */ = {
			isa = XCBuildConfiguration;
			buildSettings = {
				ASSETCATALOG_COMPILER_APPICON_NAME = AppIcon;
				CODE_SIGN_ENTITLEMENTS = CloudKit_MapKit/CloudKit_MapKit.entitlements;
				CODE_SIGN_STYLE = Automatic;
				DEVELOPMENT_TEAM = 3H798M6N3T;
				INFOPLIST_FILE = CloudKit_MapKit/Info.plist;
				LD_RUNPATH_SEARCH_PATHS = (
					"$(inherited)",
					"@executable_path/Frameworks",
				);
				PRODUCT_BUNDLE_IDENTIFIER = "com.LucasCosta.CloudKit-MapKit";
				PRODUCT_NAME = "$(TARGET_NAME)";
				SWIFT_VERSION = 5.0;
				TARGETED_DEVICE_FAMILY = "1,2";
			};
			name = Debug;
		};
		A4163C5E2360BE9A004D6771 /* Release */ = {
			isa = XCBuildConfiguration;
			buildSettings = {
				ASSETCATALOG_COMPILER_APPICON_NAME = AppIcon;
				CODE_SIGN_ENTITLEMENTS = CloudKit_MapKit/CloudKit_MapKit.entitlements;
				CODE_SIGN_STYLE = Automatic;
				DEVELOPMENT_TEAM = 3H798M6N3T;
				INFOPLIST_FILE = CloudKit_MapKit/Info.plist;
				LD_RUNPATH_SEARCH_PATHS = (
					"$(inherited)",
					"@executable_path/Frameworks",
				);
				PRODUCT_BUNDLE_IDENTIFIER = "com.LucasCosta.CloudKit-MapKit";
				PRODUCT_NAME = "$(TARGET_NAME)";
				SWIFT_VERSION = 5.0;
				TARGETED_DEVICE_FAMILY = "1,2";
			};
			name = Release;
		};
/* End XCBuildConfiguration section */

/* Begin XCConfigurationList section */
		A4163C432360BE97004D6771 /* Build configuration list for PBXProject "CloudKit_MapKit" */ = {
			isa = XCConfigurationList;
			buildConfigurations = (
				A4163C5A2360BE9A004D6771 /* Debug */,
				A4163C5B2360BE9A004D6771 /* Release */,
			);
			defaultConfigurationIsVisible = 0;
			defaultConfigurationName = Release;
		};
		A4163C5C2360BE9A004D6771 /* Build configuration list for PBXNativeTarget "CloudKit_MapKit" */ = {
			isa = XCConfigurationList;
			buildConfigurations = (
				A4163C5D2360BE9A004D6771 /* Debug */,
				A4163C5E2360BE9A004D6771 /* Release */,
			);
			defaultConfigurationIsVisible = 0;
			defaultConfigurationName = Release;
		};
/* End XCConfigurationList section */
	};
	rootObject = A4163C402360BE97004D6771 /* Project object */;
}
